
Microsoft Visual Studio Solution File, Format Version 12.00
# Visual Studio 15
VisualStudioVersion = 15.0.27703.2018
MinimumVisualStudioVersion = 10.0.40219.1
Project("{9A19103F-16F7-4668-BE54-9A1E7A4F7556}") = "Example", "src\Example\Example.csproj", "{D5B43EAC-2142-483F-925A-53547666A54C}"
EndProject
Project("{9A19103F-16F7-4668-BE54-9A1E7A4F7556}") = "EasyWakeOnLan", "src\EasyWakeOnLan\EasyWakeOnLan.csproj", "{2AAA13CE-9791-4EC8-B6E1-E248BB978C4C}"
EndProject
Global
	GlobalSection(SolutionConfigurationPlatforms) = preSolution
		Debug|Any CPU = Debug|Any CPU
		Release|Any CPU = Release|Any CPU
	EndGlobalSection
	GlobalSection(ProjectConfigurationPlatforms) = postSolution
		{D5B43EAC-2142-483F-925A-53547666A54C}.Debug|Any CPU.ActiveCfg = Debug|Any CPU
		{D5B43EAC-2142-483F-925A-53547666A54C}.Debug|Any CPU.Build.0 = Debug|Any CPU
		{D5B43EAC-2142-483F-925A-53547666A54C}.Release|Any CPU.ActiveCfg = Release|Any CPU
		{D5B43EAC-2142-483F-925A-53547666A54C}.Release|Any CPU.Build.0 = Release|Any CPU
		{2AAA13CE-9791-4EC8-B6E1-E248BB978C4C}.Debug|Any CPU.ActiveCfg = Debug|Any CPU
		{2AAA13CE-9791-4EC8-B6E1-E248BB978C4C}.Debug|Any CPU.Build.0 = Debug|Any CPU
		{2AAA13CE-9791-4EC8-B6E1-E248BB978C4C}.Release|Any CPU.ActiveCfg = Release|Any CPU
		{2AAA13CE-9791-4EC8-B6E1-E248BB978C4C}.Release|Any CPU.Build.0 = Release|Any CPU
	EndGlobalSection
	GlobalSection(SolutionProperties) = preSolution
		HideSolutionNode = FALSE
	EndGlobalSection
	GlobalSection(ExtensibilityGlobals) = postSolution
		SolutionGuid = {BC070A9E-4A4B-4DD0-AAF6-25A0997FC03A}
	EndGlobalSection
EndGlobal
